
Microsoft Visual Studio Solution File, Format Version 12.00
# Visual Studio Version 16
VisualStudioVersion = 16.0.32228.343
MinimumVisualStudioVersion = 10.0.40219.1
Project("{FAE04EC0-301F-11D3-BF4B-00C04F79EFBC}") = "wftest2", "wftest2\wftest2.csproj", "{F1888894-7D46-40EE-9AA0-3DA471F02975}"
EndProject
Global
	GlobalSection(SolutionConfigurationPlatforms) = preSolution
		Debug|Any CPU = Debug|Any CPU
		Release|Any CPU = Release|Any CPU
	EndGlobalSection
	GlobalSection(ProjectConfigurationPlatforms) = postSolution
		{F1888894-7D46-40EE-9AA0-3DA471F02975}.Debug|Any CPU.ActiveCfg = Debug|Any CPU
		{F1888894-7D46-40EE-9AA0-3DA471F02975}.Debug|Any CPU.Build.0 = Debug|Any CPU
		{F1888894-7D46-40EE-9AA0-3DA471F02975}.Release|Any CPU.ActiveCfg = Release|Any CPU
		{F1888894-7D46-40EE-9AA0-3DA471F02975}.Release|Any CPU.Build.0 = Release|Any CPU
	EndGlobalSection
	GlobalSection(SolutionProperties) = preSolution
		HideSolutionNode = FALSE
	EndGlobalSection
	GlobalSection(ExtensibilityGlobals) = postSolution
		SolutionGuid = {47C6DF29-B9D6-418E-B333-A18BEC8F5F01}
	EndGlobalSection
EndGlobal
